
Microsoft Visual Studio Solution File, Format Version 12.00
# Visual Studio Version 16
VisualStudioVersion = 16.0.31321.278
MinimumVisualStudioVersion = 10.0.40219.1
Project("{2150E333-8FDC-42A3-9474-1A3956D46DE8}") = "0 - Solution Items", "0 - Solution Items", "{C6659269-B9A3-486F-BB20-E41039F5C979}"
	ProjectSection(SolutionItems) = preProject
		.dockerignore = .dockerignore
		.gitattributes = .gitattributes
		.gitignore = .gitignore
		azure-pipelines.yml = azure-pipelines.yml
	EndProjectSection
EndProject
Project("{2150E333-8FDC-42A3-9474-1A3956D46DE8}") = "1 - Services", "1 - Services", "{F1739E35-F9F1-4B39-B1EE-12D55FF1513C}"
EndProject
Project("{2150E333-8FDC-42A3-9474-1A3956D46DE8}") = "2 - Domain", "2 - Domain", "{13730885-2533-4A9C-A1CE-306FE55899E7}"
EndProject
Project("{2150E333-8FDC-42A3-9474-1A3956D46DE8}") = "3 - Infraestructure", "3 - Infraestructure", "{8DDC10A9-7FB2-4EBB-91DE-04130EA6F54E}"
EndProject
Project("{9A19103F-16F7-4668-BE54-9A1E7A4F7556}") = "AdventureWorks.Person.Domain", "AdventureWorks.Person.Domain\AdventureWorks.Person.Domain.csproj", "{0303728D-A39D-481C-AD69-54BE8A25D1E0}"
EndProject
Project("{9A19103F-16F7-4668-BE54-9A1E7A4F7556}") = "AdventureWorks.Person.Api", "AdventureWorks.Person.Api\AdventureWorks.Person.Api.csproj", "{046F593A-C46D-472E-91D8-6D6D1F614DE8}"
EndProject
Project("{9A19103F-16F7-4668-BE54-9A1E7A4F7556}") = "AdventureWorks.Person.Infrastructure", "AdventureWorks.Person.Infrastructure\AdventureWorks.Person.Infrastructure.csproj", "{342F67D9-016E-4643-9B0B-25515E1086DC}"
EndProject
Global
	GlobalSection(SolutionConfigurationPlatforms) = preSolution
		Debug|Any CPU = Debug|Any CPU
		Release|Any CPU = Release|Any CPU
	EndGlobalSection
	GlobalSection(ProjectConfigurationPlatforms) = postSolution
		{0303728D-A39D-481C-AD69-54BE8A25D1E0}.Debug|Any CPU.ActiveCfg = Debug|Any CPU
		{0303728D-A39D-481C-AD69-54BE8A25D1E0}.Debug|Any CPU.Build.0 = Debug|Any CPU
		{0303728D-A39D-481C-AD69-54BE8A25D1E0}.Release|Any CPU.ActiveCfg = Release|Any CPU
		{0303728D-A39D-481C-AD69-54BE8A25D1E0}.Release|Any CPU.Build.0 = Release|Any CPU
		{046F593A-C46D-472E-91D8-6D6D1F614DE8}.Debug|Any CPU.ActiveCfg = Debug|Any CPU
		{046F593A-C46D-472E-91D8-6D6D1F614DE8}.Debug|Any CPU.Build.0 = Debug|Any CPU
		{046F593A-C46D-472E-91D8-6D6D1F614DE8}.Release|Any CPU.ActiveCfg = Release|Any CPU
		{046F593A-C46D-472E-91D8-6D6D1F614DE8}.Release|Any CPU.Build.0 = Release|Any CPU
		{342F67D9-016E-4643-9B0B-25515E1086DC}.Debug|Any CPU.ActiveCfg = Debug|Any CPU
		{342F67D9-016E-4643-9B0B-25515E1086DC}.Debug|Any CPU.Build.0 = Debug|Any CPU
		{342F67D9-016E-4643-9B0B-25515E1086DC}.Release|Any CPU.ActiveCfg = Release|Any CPU
		{342F67D9-016E-4643-9B0B-25515E1086DC}.Release|Any CPU.Build.0 = Release|Any CPU
	EndGlobalSection
	GlobalSection(SolutionProperties) = preSolution
		HideSolutionNode = FALSE
	EndGlobalSection
	GlobalSection(NestedProjects) = preSolution
		{0303728D-A39D-481C-AD69-54BE8A25D1E0} = {13730885-2533-4A9C-A1CE-306FE55899E7}
		{046F593A-C46D-472E-91D8-6D6D1F614DE8} = {F1739E35-F9F1-4B39-B1EE-12D55FF1513C}
		{342F67D9-016E-4643-9B0B-25515E1086DC} = {8DDC10A9-7FB2-4EBB-91DE-04130EA6F54E}
	EndGlobalSection
	GlobalSection(ExtensibilityGlobals) = postSolution
		SolutionGuid = {C07EA452-C7B5-4142-820E-CBA6E34087A8}
	EndGlobalSection
EndGlobal
